github.com/paulfdunn/go-helper/cryptoh v0.0.0-20240322171546-ca35d13632e2 h1:wT9pfvP75tko1/dGmXNz8L3B4zOxsGKNMffMf0w+HeM=
github.com/paulfdunn/go-helper/cryptoh v0.0.0-20240322171546-ca35d13632e2/go.mod h1:6eSAdeUymDqX8WSoYwvNYwMXKaTmbakim06wMbivLTs=
github.com/paulfdunn/go-helper/cryptoh v1.0.22 h1:i5NRdsUmtDe7BWtqdabQYCS11IuEfZ+Jm+LnBMtsMFY=
github.com/paulfdunn/go-helper/cryptoh v1.0.22/go.mod h1:+hoLkM5s4+9s+cZA/HRR9IeXdue5UwxVb07BytjfF5M=
github.com/paulfdunn/go-helper/cryptoh v1.1.0 h1:1X8JziySWlcggh3P6aLUNEaKaOXb5lzf7OfYy73ASKU=
github.com/paulfdunn/go-helper/cryptoh v1.1.0/go.mod h1:+hoLkM5s4+9s+cZA/HRR9IeXdue5UwxVb07BytjfF5M=
github.com/paulfdunn/go-helper/cryptoh v1.3.0 h1:cmPdj3oE9OesMRk4LWTFuCjuVJ1rdEBIP56xPAVNOB4=
github.com/paulfdunn/go-helper/cryptoh v1.3.0/go.mod h1:+hoLkM5s4+9s+cZA/HRR9IeXdue5UwxVb07BytjfF5M=
github.com/paulfdunn/go-helper/cryptoh v1.3.1 h1:C1mu9UNu8ZPjuYdOfYxHomXtbhZVedeu055N80N5QSk=
github.com/paulfdunn/go-helper/cryptoh v1.3.1/go.mod h1:+hoLkM5s4+9s+cZA/HRR9IeXdue5UwxVb07BytjfF5M=
github.com/paulfdunn/go-helper/cryptoh v1.3.2 h1:t+6CCHnYHmZfmpsoXcQAxfZ+WcdlMY0vzteWMMnVaQo=
github.com/paulfdunn/go-helper/cryptoh v1.3.2/go.mod h1:+hoLkM5s4+9s+cZA/HRR9IeXdue5UwxVb07BytjfF5M=
github.com/paulfdunn/go-helper/cryptoh v1.3.3 h1:HORxXzX/vwub5YkSxQ/QJcG8uHUI8nSH8yScEmPTuas=
github.com/paulfdunn/go-helper/cryptoh v1.3.3/go.mod h1:+hoLkM5s4+9s+cZA/HRR9IeXdue5UwxVb07BytjfF5M=
github.com/paulfdunn/go-helper/cryptoh v1.3.4 h1:Aq+jZe2zj43AmL91GEXEiVKJ4t/M4/qSO2Ax4P4hNsM=
github.com/paulfdunn/go-helper/cryptoh v1.3.4/go.mod h1:+hoLkM5s4+9s+cZA/HRR9IeXdue5UwxVb07BytjfF5M=
github.com/paulfdunn/go-helper/cryptoh v1.3.5 h1:xDB8ALDyoBIqoYqYKT6xacGsPrELT7S5AaryeWNho9s=
github.com/paulfdunn/go-helper/cryptoh v1.3.5/go.mod h1:+hoLkM5s4+9s+cZA/HRR9IeXdue5UwxVb07BytjfF5M=
github.com/paulfdunn/go-helper/cryptoh v1.3.6 h1:NCEu76uQXm67kzg0ZZD/hh9xsBTy1FHR/qI6e0H+KX0=
github.com/paulfdunn/go-helper/cryptoh v1.3.6/go.mod h1:+hoLkM5s4+9s+cZA/HRR9IeXdue5UwxVb07BytjfF5M=
github.com/paulfdunn/go-helper/cryptoh v1.3.7 h1:JNFUC62V6rHNga0inaqNWo6z18oIDqsaGwofnz1BhJo=
github.com/paulfdunn/go-helper/cryptoh v1.3.7/go.mod h1:+hoLkM5s4+9s+cZA/HRR9IeXdue5UwxVb07BytjfF5M=
github.com/paulfdunn/go-helper/cryptoh v1.3.8 h1:PotHi/u6NHh5SeFX0hlDfRHMwNw+5zhQn/D8yHUo+Vs=
github.com/paulfdunn/go-helper/cryptoh v1.3.8/go.mod h1:+hoLkM5s4+9s+cZA/HRR9IeXdue5UwxVb07BytjfF5M=
github.com/paulfdunn/go-helper/cryptoh v1.3.9 h1:ZT89uVGb8YnNaW5sNBdBBURoy1P866APmaak2mFJ77o=
github.com/paulfdunn/go-helper/cryptoh v1.3.9/go.mod h1:+hoLkM5s4+9s+cZA/HRR9IeXdue5UwxVb07BytjfF5M=
github.com/paulfdunn/go-helper/cryptoh v1.3.10 h1:of4g/f7jqNc8Ivg6a5wObZza7GHxwsu9cmCDD56WyP0=
github.com/paulfdunn/go-helper/cryptoh v1.3.10/go.mod h1:+hoLkM5s4+9s+cZA/HRR9IeXdue5UwxVb07BytjfF5M=
github.com/paulfdunn/go-helper/cryptoh v1.3.11 h1:6sL8X4DJoNCYV5n5MY1iM+r83HnL6hSjUwyyKU35mVw=
github.com/paulfdunn/go-helper/cryptoh v1.3.11/go.mod h1:+hoLkM5s4+9s+cZA/HRR9IeXdue5UwxVb07BytjfF5M=
github.com/paulfdunn/go-helper/cryptoh v1.3.12 h1:JuYEInE3iYZmu0DxRKxrHnM+wwyl7SPovm16oPqoots=
github.com/paulfdunn/go-helper/cryptoh v1.3.12/go.mod h1:+hoLkM5s4+9s+cZA/HRR9IeXdue5UwxVb07BytjfF5M=
github.com/paulfdunn/go-helper/cryptoh v1.3.13 h1:e/gTwbuGzVkiNZtNugefAmtPeJwXAzJrC3w+FK8JVm0=
github.com/paulfdunn/go-helper/cryptoh v1.3.13/go.mod h1:+hoLkM5s4+9s+cZA/HRR9IeXdue5UwxVb07BytjfF5M=
github.com/paulfdunn/go-helper/cryptoh v1.3.14 h1:C9d1tPAqXtHYotTULHaZLR4Ti/AYknIGLREq3FSNJ6c=
github.com/paulfdunn/go-helper/cryptoh v1.3.14/go.mod h1:+hoLkM5s4+9s+cZA/HRR9IeXdue5UwxVb07BytjfF5M=
github.com/paulfdunn/go-helper/cryptoh v1.3.15 h1:Cpar6TznU7LvQyS2d0Cuw23hpluxVifyZlrWPzhV1nQ=
github.com/paulfdunn/go-helper/cryptoh v1.3.15/go.mod h1:+hoLkM5s4+9s+cZA/HRR9IeXdue5UwxVb07BytjfF5M=
github.com/paulfdunn/go-helper/testingh v1.0.0 h1:UnU00q+uf4SQC7+ce5EBfJWa5PuI9FSGScV848xC2kA=
github.com/paulfdunn/go-helper/testingh v1.0.0/go.mod h1:lOkqGCzUUnMEjWwOs5S0fnCtjnxvXjbP4WvXw14eG7g=
github.com/paulfdunn/go-helper/testingh v1.0.22 h1:kK8Vo86f/C3lyMeWtNHyFMpKyhHv8LKSjVV43RtEQkM=
github.com/paulfdunn/go-helper/testingh v1.0.22/go.mod h1:Z0L0k383BuNywEfKAeTbw7kmCOz5fgiQQLjhtxhFez4=
github.com/paulfdunn/go-helper/testingh v1.1.0 h1:4Ylt5kxRTaq7FAFfIfeQEsEbChA0fHmCu5TMt78oMTs=
github.com/paulfdunn/go-helper/testingh v1.1.0/go.mod h1:Z0L0k383BuNywEfKAeTbw7kmCOz5fgiQQLjhtxhFez4=
github.com/paulfdunn/go-helper/testingh v1.3.0 h1:beFLvBUyvq+n7cWSlda3J2uwW+giyBg5D4QQiMlG7qw=
github.com/paulfdunn/go-helper/testingh v1.3.0/go.mod h1:Z0L0k383BuNywEfKAeTbw7kmCOz5fgiQQLjhtxhFez4=
github.com/paulfdunn/go-helper/testingh v1.3.1 h1:dA/wBtupOIvoRsa2mioc1HbPx0pXUOg5dgp/v2Dr4Hc=
github.com/paulfdunn/go-helper/testingh v1.3.1/go.mod h1:Z0L0k383BuNywEfKAeTbw7kmCOz5fgiQQLjhtxhFez4=
github.com/paulfdunn/go-helper/testingh v1.3.2 h1:Y+Sgz9A3J4Y/s5qpEDcjOiK0XaPSfPGn+MxeXlMLcZI=
github.com/paulfdunn/go-helper/testingh v1.3.2/go.mod h1:Z0L0k383BuNywEfKAeTbw7kmCOz5fgiQQLjhtxhFez4=
github.com/paulfdunn/go-helper/testingh v1.3.3 h1:SiqADRFbJiqb1erJHfZV+iazVVbUfsXfxgk5ZFEQ3cw=
github.com/paulfdunn/go-helper/testingh v1.3.3/go.mod h1:Z0L0k383BuNywEfKAeTbw7kmCOz5fgiQQLjhtxhFez4=
github.com/paulfdunn/go-helper/testingh v1.3.4 h1:MnIrFtTsrguWpTDzLDCKl6lNahWoLGTT/TL6SoFZKOM=
github.com/paulfdunn/go-helper/testingh v1.3.4/go.mod h1:Z0L0k383BuNywEfKAeTbw7kmCOz5fgiQQLjhtxhFez4=
github.com/paulfdunn/go-helper/testingh v1.3.5 h1:uo1xEY8gHkus+lW6Dd1Kj1XMX/oK40Ud13KyG80PFmk=
github.com/paulfdunn/go-helper/testingh v1.3.5/go.mod h1:Z0L0k383BuNywEfKAeTbw7kmCOz5fgiQQLjhtxhFez4=
github.com/paulfdunn/go-helper/testingh v1.3.6 h1:ZQM4ikPbYXGFbosSKREvWlF4GwI3WunS4mLECHXZNt8=
github.com/paulfdunn/go-helper/testingh v1.3.6/go.mod h1:Z0L0k383BuNywEfKAeTbw7kmCOz5fgiQQLjhtxhFez4=
github.com/paulfdunn/go-helper/testingh v1.3.7 h1:tXPlrlA+76wNpO/6jAl+cBEEi0AnM7uAbHtEkNROhyw=
github.com/paulfdunn/go-helper/testingh v1.3.7/go.mod h1:Z0L0k383BuNywEfKAeTbw7kmCOz5fgiQQLjhtxhFez4=
github.com/paulfdunn/go-helper/testingh v1.3.8 h1:/khmuCvgtH0Mpwu72wIv3JxrcFV+BuD5JctwhIPScLs=
github.com/paulfdunn/go-helper/testingh v1.3.8/go.mod h1:Z0L0k383BuNywEfKAeTbw7kmCOz5fgiQQLjhtxhFez4=
github.com/paulfdunn/go-helper/testingh v1.3.9 h1:G4+vwflgW4S156qaLA8nB50TFmX/bxkdhYY2s11ie9Y=
github.com/paulfdunn/go-helper/testingh v1.3.9/go.mod h1:Z0L0k383BuNywEfKAeTbw7kmCOz5fgiQQLjhtxhFez4=
github.com/paulfdunn/go-helper/testingh v1.3.10 h1:T9SLoH2Fjedf3ckeNdwmkUe5St49FO9KwgIGeD0TlDY=
github.com/paulfdunn/go-helper/testingh v1.3.10/go.mod h1:Z0L0k383BuNywEfKAeTbw7kmCOz5fgiQQLjhtxhFez4=
github.com/paulfdunn/go-helper/testingh v1.3.11 h1:TY0j+Yjp6EAt2HYy80UITVPWp9LTNRAi15OzIaXOeNw=
github.com/paulfdunn/go-helper/testingh v1.3.11/go.mod h1:Z0L0k383BuNywEfKAeTbw7kmCOz5fgiQQLjhtxhFez4=
github.com/paulfdunn/go-helper/testingh v1.3.12 h1:x1hJN7lfVTQMy/t0/y++5AWjHOfj36zP0dmiZxk69M8=
github.com/paulfdunn/go-helper/testingh v1.3.12/go.mod h1:Z0L0k383BuNywEfKAeTbw7kmCOz5fgiQQLjhtxhFez4=
github.com/paulfdunn/go-helper/testingh v1.3.13 h1:vs9mhZeF1kCNaOEZ1eS7/4sU9LcK7P2dJQS2woKmk0E=
github.com/paulfdunn/go-helper/testingh v1.3.13/go.mod h1:Z0L0k383BuNywEfKAeTbw7kmCOz5fgiQQLjhtxhFez4=
github.com/paulfdunn/go-helper/testingh v1.3.14 h1:EfxlFAR3IOhEr2/lrCEb2IDyh38i5Yt/JJnOw2mIDIA=
github.com/paulfdunn/go-helper/testingh v1.3.14/go.mod h1:Z0L0k383BuNywEfKAeTbw7kmCOz5fgiQQLjhtxhFez4=
github.com/paulfdunn/go-helper/testingh v1.3.15 h1:VFx+Tvzz3jk7NjlxT2qXWWGRSEXwweEKKNlX0bksEQU=
github.com/paulfdunn/go-helper/testingh v1.3.15/go.mod h1:Z0L0k383BuNywEfKAeTbw7kmCOz5fgiQQLjhtxhFez4=
