github.com/paulfdunn/go-helper/cryptoh v0.0.0-20240322171546-ca35d13632e2 h1:wT9pfvP75tko1/dGmXNz8L3B4zOxsGKNMffMf0w+HeM=
github.com/paulfdunn/go-helper/cryptoh v0.0.0-20240322171546-ca35d13632e2/go.mod h1:6eSAdeUymDqX8WSoYwvNYwMXKaTmbakim06wMbivLTs=
github.com/paulfdunn/go-helper/testingh v1.0.0 h1:UnU00q+uf4SQC7+ce5EBfJWa5PuI9FSGScV848xC2kA=
github.com/paulfdunn/go-helper/testingh v1.0.0/go.mod h1:lOkqGCzUUnMEjWwOs5S0fnCtjnxvXjbP4WvXw14eG7g=
