github.com/mattn/go-sqlite3 v1.14.22 h1:2gZY6PC6kBnID23Tichd1K+Z0oS6nE/XwU+Vz/5o4kU=
github.com/mattn/go-sqlite3 v1.14.22/go.mod h1:Uh1q+B4BYcTPb+yiD3kU8Ct7aC0hY9fxUwlHK0RXw+Y=
github.com/paulfdunn/go-helper/osh v1.8.2 h1:6XSQN8RYdUqH2XFMkAgT97auLHH6Txpvihg/1DUo9dc=
github.com/paulfdunn/go-helper/osh v1.8.2/go.mod h1:vw9S4fgUY7NDcwyxy9O9xHdCVhk+VqgHQFiICEMsoxQ=
github.com/paulfdunn/go-helper/osh v1.8.3 h1:egbPEVSCOMWS7130+xzzpzTl3hqhatzxqA3M2AtSQas=
github.com/paulfdunn/go-helper/osh v1.8.3/go.mod h1:vw9S4fgUY7NDcwyxy9O9xHdCVhk+VqgHQFiICEMsoxQ=
github.com/paulfdunn/go-helper/osh v1.9.0 h1:QbeU215F9KwPFbLwUlzaaux12sqdpwkHoqH5NjznbQY=
github.com/paulfdunn/go-helper/osh v1.9.0/go.mod h1:vw9S4fgUY7NDcwyxy9O9xHdCVhk+VqgHQFiICEMsoxQ=
github.com/paulfdunn/go-helper/osh v1.9.1 h1:D+5++elo7RlcC7qGnERr72mekkFBQV6Ea7BGOFV7HYE=
github.com/paulfdunn/go-helper/osh v1.9.1/go.mod h1:vw9S4fgUY7NDcwyxy9O9xHdCVhk+VqgHQFiICEMsoxQ=
