github.com/mattn/go-sqlite3 v1.14.22 h1:2gZY6PC6kBnID23Tichd1K+Z0oS6nE/XwU+Vz/5o4kU=
github.com/mattn/go-sqlite3 v1.14.22/go.mod h1:Uh1q+B4BYcTPb+yiD3kU8Ct7aC0hY9fxUwlHK0RXw+Y=
github.com/paulfdunn/go-helper/osh v1.8.2 h1:6XSQN8RYdUqH2XFMkAgT97auLHH6Txpvihg/1DUo9dc=
github.com/paulfdunn/go-helper/osh v1.8.2/go.mod h1:vw9S4fgUY7NDcwyxy9O9xHdCVhk+VqgHQFiICEMsoxQ=
github.com/paulfdunn/go-helper/osh v1.8.3 h1:egbPEVSCOMWS7130+xzzpzTl3hqhatzxqA3M2AtSQas=
github.com/paulfdunn/go-helper/osh v1.8.3/go.mod h1:vw9S4fgUY7NDcwyxy9O9xHdCVhk+VqgHQFiICEMsoxQ=
github.com/paulfdunn/go-helper/osh v1.9.0 h1:QbeU215F9KwPFbLwUlzaaux12sqdpwkHoqH5NjznbQY=
github.com/paulfdunn/go-helper/osh v1.9.0/go.mod h1:vw9S4fgUY7NDcwyxy9O9xHdCVhk+VqgHQFiICEMsoxQ=
github.com/paulfdunn/go-helper/osh v1.9.1 h1:D+5++elo7RlcC7qGnERr72mekkFBQV6Ea7BGOFV7HYE=
github.com/paulfdunn/go-helper/osh v1.9.1/go.mod h1:vw9S4fgUY7NDcwyxy9O9xHdCVhk+VqgHQFiICEMsoxQ=
github.com/paulfdunn/go-helper/osh v1.9.3 h1:9TrWQ1J0OYfO/gV81+zMYUIndDL67ISZTX6VCHpXH64=
github.com/paulfdunn/go-helper/osh v1.9.3/go.mod h1:vw9S4fgUY7NDcwyxy9O9xHdCVhk+VqgHQFiICEMsoxQ=
github.com/paulfdunn/go-helper/osh v1.9.4 h1:zkILfwOiXdLuBtX1nALPnx9mWBmvMyvrcyynChsFvg8=
github.com/paulfdunn/go-helper/osh v1.9.4/go.mod h1:vw9S4fgUY7NDcwyxy9O9xHdCVhk+VqgHQFiICEMsoxQ=
github.com/paulfdunn/go-helper/osh v1.9.5 h1:c9Bd59te3zz2/z1L8+VLSdaglu77TIYIEhhnlILQ8X8=
github.com/paulfdunn/go-helper/osh v1.9.5/go.mod h1:vw9S4fgUY7NDcwyxy9O9xHdCVhk+VqgHQFiICEMsoxQ=
github.com/paulfdunn/go-helper/osh v1.10.0 h1:ZzuH1UMjHZpRjogUwcKxku5SOrm/uLQpBsNzgqoFgXY=
github.com/paulfdunn/go-helper/osh v1.10.0/go.mod h1:vw9S4fgUY7NDcwyxy9O9xHdCVhk+VqgHQFiICEMsoxQ=
github.com/paulfdunn/go-helper/osh v1.10.1 h1:8WFxFycoD3SWme2V7EKEIdxea9yd+Nv23aSvc6/keHo=
github.com/paulfdunn/go-helper/osh v1.10.1/go.mod h1:vw9S4fgUY7NDcwyxy9O9xHdCVhk+VqgHQFiICEMsoxQ=
github.com/paulfdunn/go-helper/osh v1.10.2 h1:pnYTHeXluiNOaoGtww4gfo/6t3yCBLBkToogyFnY4AY=
github.com/paulfdunn/go-helper/osh v1.10.2/go.mod h1:vw9S4fgUY7NDcwyxy9O9xHdCVhk+VqgHQFiICEMsoxQ=
github.com/paulfdunn/go-helper/osh/v2 v2.0.5 h1:tDIb6PQCQimHnip1OZ5RWshsK4URGSpUFK8Dwlz92wM=
github.com/paulfdunn/go-helper/osh/v2 v2.0.5/go.mod h1:Uw/v+evgHIrCkOA/pyZit2muHyOFRLVGGrud+in8mVY=
github.com/paulfdunn/go-helper/osh/v2 v2.1.0 h1:0kB/v9uACU+M8pr5GwOc9OTilkXPAN82NV5aPFq4hpQ=
github.com/paulfdunn/go-helper/osh/v2 v2.1.0/go.mod h1:Uw/v+evgHIrCkOA/pyZit2muHyOFRLVGGrud+in8mVY=
