github.com/paulfdunn/go-helper/osh v1.0.10 h1:OM5Pph0OZmBckAeRhTOtaB0YMENo9LbAUwsLc2C7DZk=
github.com/paulfdunn/go-helper/osh v1.0.10/go.mod h1:fxQ/0oHwpkKqGOWu0rGRvWGFU2B7kiXq8Mux/1E2LXE=
github.com/paulfdunn/go-helper/osh v1.0.11 h1:MXUsuT4juL/7zj6pb4opzJv2jFBnN6c641AON7iBh3w=
github.com/paulfdunn/go-helper/osh v1.0.11/go.mod h1:fxQ/0oHwpkKqGOWu0rGRvWGFU2B7kiXq8Mux/1E2LXE=
