github.com/paulfdunn/go-helper/osh v1.0.14 h1:Kt7i9jl3LjGS5CQAWnSrLKjBeVETjxFcNuih/5hgroY=
github.com/paulfdunn/go-helper/osh v1.0.14/go.mod h1:fxQ/0oHwpkKqGOWu0rGRvWGFU2B7kiXq8Mux/1E2LXE=
github.com/paulfdunn/go-helper/osh v1.0.22 h1:l3LwysOa/nDzBOjYQIit5xKaiFu6DzIPDDueZH/sXMI=
github.com/paulfdunn/go-helper/osh v1.0.22/go.mod h1:vw9S4fgUY7NDcwyxy9O9xHdCVhk+VqgHQFiICEMsoxQ=
github.com/paulfdunn/go-helper/osh v1.1.0 h1:z5zV7c3pH8zLXqY3NMls9wucpo2oEfIfBGKS/s7ZYdc=
github.com/paulfdunn/go-helper/osh v1.1.0/go.mod h1:vw9S4fgUY7NDcwyxy9O9xHdCVhk+VqgHQFiICEMsoxQ=
github.com/paulfdunn/go-helper/osh v1.3.0 h1:50mwzyyeNRH+S9l84SMON81un6PH1j+wH142SENImIU=
github.com/paulfdunn/go-helper/osh v1.3.0/go.mod h1:vw9S4fgUY7NDcwyxy9O9xHdCVhk+VqgHQFiICEMsoxQ=
github.com/paulfdunn/go-helper/osh v1.3.1 h1:fnO2rYF3YOQKJagFb1Y3Xwuq1hrEN+SAN90al9tMNU0=
github.com/paulfdunn/go-helper/osh v1.3.1/go.mod h1:vw9S4fgUY7NDcwyxy9O9xHdCVhk+VqgHQFiICEMsoxQ=
github.com/paulfdunn/go-helper/osh v1.3.2 h1:BEC8RhnuXOIQQlR+FXmlS1Y+T3atnyiSdPw8lBFRQMQ=
github.com/paulfdunn/go-helper/osh v1.3.2/go.mod h1:vw9S4fgUY7NDcwyxy9O9xHdCVhk+VqgHQFiICEMsoxQ=
github.com/paulfdunn/go-helper/osh v1.3.3 h1:SUtR9seFv316qu6Weu2Cl+mJDTJQ7jBqLtNzu3A8Qg0=
github.com/paulfdunn/go-helper/osh v1.3.3/go.mod h1:vw9S4fgUY7NDcwyxy9O9xHdCVhk+VqgHQFiICEMsoxQ=
github.com/paulfdunn/go-helper/osh v1.3.4 h1:tDvu9q7cl+GBZXmhO5FEq+zXwg0vgnfl5uKb8QiDcLk=
github.com/paulfdunn/go-helper/osh v1.3.4/go.mod h1:vw9S4fgUY7NDcwyxy9O9xHdCVhk+VqgHQFiICEMsoxQ=
github.com/paulfdunn/go-helper/osh v1.3.6 h1:s/HOTO/pOudmVbIQIHRhXRTN8PxcsDECnAPOeOqd7Ko=
github.com/paulfdunn/go-helper/osh v1.3.6/go.mod h1:vw9S4fgUY7NDcwyxy9O9xHdCVhk+VqgHQFiICEMsoxQ=
github.com/paulfdunn/go-helper/osh v1.3.7 h1:lKfKpUVtfgC6Ip6O1WHjl13+ZPDYJHJNoTYGc291UrA=
github.com/paulfdunn/go-helper/osh v1.3.7/go.mod h1:vw9S4fgUY7NDcwyxy9O9xHdCVhk+VqgHQFiICEMsoxQ=
github.com/paulfdunn/go-helper/osh v1.3.8 h1:reNJ4XzoIv6E8X+yvFHO2vZpefGcLlSkeoku9DlYmEA=
github.com/paulfdunn/go-helper/osh v1.3.8/go.mod h1:vw9S4fgUY7NDcwyxy9O9xHdCVhk+VqgHQFiICEMsoxQ=
github.com/paulfdunn/go-helper/osh v1.3.9 h1:2oQr0K8MfC5+fzlFafrnFdZwa4+yrW34DzOfDJOgcPI=
github.com/paulfdunn/go-helper/osh v1.3.9/go.mod h1:vw9S4fgUY7NDcwyxy9O9xHdCVhk+VqgHQFiICEMsoxQ=
github.com/paulfdunn/go-helper/osh v1.3.10 h1:TYphlDWsWsWsMO4rS1ROyXwUDap/nADHWMwe+LUVMKQ=
github.com/paulfdunn/go-helper/osh v1.3.10/go.mod h1:vw9S4fgUY7NDcwyxy9O9xHdCVhk+VqgHQFiICEMsoxQ=
github.com/paulfdunn/go-helper/osh v1.3.11 h1:XMJ7UG3yLCMMF50bkhAWo+QWxGibg2JdSqZlGwRVBbc=
github.com/paulfdunn/go-helper/osh v1.3.11/go.mod h1:vw9S4fgUY7NDcwyxy9O9xHdCVhk+VqgHQFiICEMsoxQ=
github.com/paulfdunn/go-helper/osh v1.3.12 h1:+/RuJ054B3Zq2N0VorjCp+UBAGQFsR1J1wbtvbMj1pE=
github.com/paulfdunn/go-helper/osh v1.3.12/go.mod h1:vw9S4fgUY7NDcwyxy9O9xHdCVhk+VqgHQFiICEMsoxQ=
github.com/paulfdunn/go-helper/osh v1.3.13 h1:wjmrlWxieg3P6uJOGdHVIl62lT4AZ+XIbhlenZf0fiU=
github.com/paulfdunn/go-helper/osh v1.3.13/go.mod h1:vw9S4fgUY7NDcwyxy9O9xHdCVhk+VqgHQFiICEMsoxQ=
github.com/paulfdunn/go-helper/osh v1.3.14 h1:XQds/cFmEHn1P1L0Dk1kqdIBMNOdCKiuU238uHyooiU=
github.com/paulfdunn/go-helper/osh v1.3.14/go.mod h1:vw9S4fgUY7NDcwyxy9O9xHdCVhk+VqgHQFiICEMsoxQ=
github.com/paulfdunn/go-helper/osh v1.3.15 h1:JgxGWuNDXYHHzpF+jOzB6RVqammeYiVeGAMgrdDwfMo=
github.com/paulfdunn/go-helper/osh v1.3.15/go.mod h1:vw9S4fgUY7NDcwyxy9O9xHdCVhk+VqgHQFiICEMsoxQ=
github.com/paulfdunn/go-helper/osh v1.3.16 h1:xc3dYf2uKenmlcJunkTmoh4OLbfGLWYD+RphxrJDl8Q=
github.com/paulfdunn/go-helper/osh v1.3.16/go.mod h1:vw9S4fgUY7NDcwyxy9O9xHdCVhk+VqgHQFiICEMsoxQ=
github.com/paulfdunn/go-helper/osh v1.5.0 h1:1tlbnHq0wISk7HSBCvMSnE400SV9lBksazF/2XNWzIs=
github.com/paulfdunn/go-helper/osh v1.5.0/go.mod h1:vw9S4fgUY7NDcwyxy9O9xHdCVhk+VqgHQFiICEMsoxQ=
github.com/paulfdunn/go-helper/osh v1.6.0 h1:Zh6+ZoAx9MX8dXHcPRnsp/Of/zFLwSpRn7NS98Z1/A8=
github.com/paulfdunn/go-helper/osh v1.6.0/go.mod h1:vw9S4fgUY7NDcwyxy9O9xHdCVhk+VqgHQFiICEMsoxQ=
github.com/paulfdunn/go-helper/osh v1.7.0 h1:aSwEbjEsHpdG22223vBFo5M335Cmb+wjlXhPxOmdJqw=
github.com/paulfdunn/go-helper/osh v1.7.0/go.mod h1:vw9S4fgUY7NDcwyxy9O9xHdCVhk+VqgHQFiICEMsoxQ=
github.com/paulfdunn/go-helper/osh v1.8.0 h1:lWmiHHaTW/Y7kXzr6ZygkUF6JZuRgCks2WBfKlsFg9w=
github.com/paulfdunn/go-helper/osh v1.8.0/go.mod h1:vw9S4fgUY7NDcwyxy9O9xHdCVhk+VqgHQFiICEMsoxQ=
