github.com/paulfdunn/go-helper/osh v1.0.12 h1:u748m6W4kG9DxWuMzPMXogu7JLbmCDqOg8CRSNc+zfs=
github.com/paulfdunn/go-helper/osh v1.0.12/go.mod h1:fxQ/0oHwpkKqGOWu0rGRvWGFU2B7kiXq8Mux/1E2LXE=
github.com/paulfdunn/go-helper/osh v1.0.13 h1:R3Q+E34Oygx0pad/CF9QHGfNV+RLahskM3VaooMquQw=
github.com/paulfdunn/go-helper/osh v1.0.13/go.mod h1:fxQ/0oHwpkKqGOWu0rGRvWGFU2B7kiXq8Mux/1E2LXE=
